
Microsoft Visual Studio Solution File, Format Version 12.00
# Visual Studio Version 16
VisualStudioVersion = 16.0.29009.5
MinimumVisualStudioVersion = 10.0.40219.1
Project("{FAE04EC0-301F-11D3-BF4B-00C04F79EFBC}") = "hacker_rank", "hacker_rank\hacker_rank.csproj", "{D4E491BA-F933-4B5F-A5C8-B2CA55DB95B9}"
EndProject
Project("{FAE04EC0-301F-11D3-BF4B-00C04F79EFBC}") = "4", "4\4.csproj", "{7ED0A233-5B4A-4F00-902E-5909DA9B255F}"
EndProject
Project("{FAE04EC0-301F-11D3-BF4B-00C04F79EFBC}") = "5", "5\5.csproj", "{4EAF5535-5B14-4A2A-94B6-D47E84E5E4B9}"
EndProject
Project("{FAE04EC0-301F-11D3-BF4B-00C04F79EFBC}") = "8", "8\8.csproj", "{7462B9AE-F2C9-4F31-B271-0E83A540C4AA}"
EndProject
Project("{FAE04EC0-301F-11D3-BF4B-00C04F79EFBC}") = "Practices", "Practices\Practices.csproj", "{601F6156-72C4-4020-85AA-760EF3B3ECC2}"
EndProject
Project("{9A19103F-16F7-4668-BE54-9A1E7A4F7556}") = "9", "9\9.csproj", "{7F65337B-D76B-4298-81FE-DBB3E5C58151}"
EndProject
Project("{9A19103F-16F7-4668-BE54-9A1E7A4F7556}") = "10", "10\10.csproj", "{8D437709-E2D9-4269-A553-FB5CAAC73CC5}"
EndProject
Project("{9A19103F-16F7-4668-BE54-9A1E7A4F7556}") = "11", "11\11.csproj", "{3CE2E270-FDEB-4006-905D-CD72C540D550}"
EndProject
Project("{9A19103F-16F7-4668-BE54-9A1E7A4F7556}") = "12", "12\12.csproj", "{966D469B-DB4D-4390-87C2-BB504A9A401E}"
EndProject
Project("{9A19103F-16F7-4668-BE54-9A1E7A4F7556}") = "13", "13\13.csproj", "{9BFBCAB9-C42C-43F1-BD6C-038A63CB0581}"
EndProject
Project("{9A19103F-16F7-4668-BE54-9A1E7A4F7556}") = "14", "14\14.csproj", "{64F3EC39-1093-40AD-A576-3813B905EA2D}"
EndProject
Project("{9A19103F-16F7-4668-BE54-9A1E7A4F7556}") = "15", "15\15.csproj", "{7CA88FA5-AFB6-4C73-BA38-D738ACBDE4E3}"
EndProject
Project("{9A19103F-16F7-4668-BE54-9A1E7A4F7556}") = "16", "16\16.csproj", "{BB67D873-8645-4BFC-B0D4-3DA2854EDF1D}"
EndProject
Project("{9A19103F-16F7-4668-BE54-9A1E7A4F7556}") = "17", "17\17.csproj", "{65820FDC-2FBB-4A40-85C9-A5CC0EE0FB4E}"
EndProject
Project("{9A19103F-16F7-4668-BE54-9A1E7A4F7556}") = "18", "18\18.csproj", "{22E4E21C-769C-4198-8ED0-87EE49881A1A}"
EndProject
Project("{9A19103F-16F7-4668-BE54-9A1E7A4F7556}") = "fib", "fib\fib.csproj", "{A47BE622-4815-4C4C-8BFC-F872B2FE2E7D}"
EndProject
Project("{9A19103F-16F7-4668-BE54-9A1E7A4F7556}") = "19", "19\19.csproj", "{6E437DA3-4E20-4188-A656-D6FBB1D8C7E0}"
EndProject
Project("{9A19103F-16F7-4668-BE54-9A1E7A4F7556}") = "20", "20\20.csproj", "{DE75CA7E-6F22-4989-8245-8371CF685306}"
EndProject
Project("{9A19103F-16F7-4668-BE54-9A1E7A4F7556}") = "21", "21\21.csproj", "{C301E614-5E0C-4DE2-B4D0-DFAF84C9DAE2}"
EndProject
Project("{9A19103F-16F7-4668-BE54-9A1E7A4F7556}") = "22", "22\22.csproj", "{5026325C-2E91-4D55-B56D-0897B9371135}"
EndProject
Project("{9A19103F-16F7-4668-BE54-9A1E7A4F7556}") = "23", "23\23.csproj", "{59CC18C5-5668-4E69-BD4F-41EDF83DB8EC}"
EndProject
Project("{9A19103F-16F7-4668-BE54-9A1E7A4F7556}") = "24", "24\24.csproj", "{51749651-F8B0-4C4E-925A-BB7CAF282B51}"
EndProject
Project("{9A19103F-16F7-4668-BE54-9A1E7A4F7556}") = "Algo", "Algo\Algo.csproj", "{1CF5741F-B7F9-4A1C-BDF1-19C7D103A66A}"
EndProject
Project("{9A19103F-16F7-4668-BE54-9A1E7A4F7556}") = "25", "25\25.csproj", "{7D813432-6F95-4390-96C3-F511ACB85DE3}"
EndProject
Project("{9A19103F-16F7-4668-BE54-9A1E7A4F7556}") = "26", "26\26.csproj", "{7EE3C86E-B083-425D-937B-1DE8BBFE574A}"
EndProject
Project("{9A19103F-16F7-4668-BE54-9A1E7A4F7556}") = "27", "27\27.csproj", "{24BF118B-FA5A-4BB7-B45A-E92D8546C586}"
EndProject
Project("{9A19103F-16F7-4668-BE54-9A1E7A4F7556}") = "28", "28\28.csproj", "{9B6D9398-AE97-49A4-8885-30805661EEB5}"
EndProject
Project("{9A19103F-16F7-4668-BE54-9A1E7A4F7556}") = "29", "29\29.csproj", "{69E2FEF2-D56B-4AEF-85BA-D030262435CA}"
EndProject
Project("{9A19103F-16F7-4668-BE54-9A1E7A4F7556}") = "30", "30\30.csproj", "{A49B8A06-4083-477B-90C4-3646477216C9}"
EndProject
Project("{9A19103F-16F7-4668-BE54-9A1E7A4F7556}") = "31", "31\31.csproj", "{0257B189-1F26-40E8-BB2B-2A7C60D93565}"
EndProject
Project("{9A19103F-16F7-4668-BE54-9A1E7A4F7556}") = "32", "32\32.csproj", "{F3416411-1DB2-4206-93B3-5BAB339D6E96}"
EndProject
Project("{9A19103F-16F7-4668-BE54-9A1E7A4F7556}") = "33", "33\33.csproj", "{9DB92B18-7A07-4902-856C-9D4F0708BF0F}"
EndProject
Project("{9A19103F-16F7-4668-BE54-9A1E7A4F7556}") = "34", "34\34.csproj", "{5CB28DFB-325B-41B5-901A-5FC22855AC57}"
EndProject
Project("{9A19103F-16F7-4668-BE54-9A1E7A4F7556}") = "FindPathBiBFS", "FindPathBiBFS\FindPathBiBFS.csproj", "{41668FE8-91DF-4905-B64B-3EBDC3039FCB}"
EndProject
Project("{9A19103F-16F7-4668-BE54-9A1E7A4F7556}") = "FillImage", "FillImage\FillImage.csproj", "{1CB6AEA3-DAEC-4E9B-86D8-17591D9353F8}"
EndProject
Project("{9A19103F-16F7-4668-BE54-9A1E7A4F7556}") = "TreeTraversal_Insufficient", "TreeTraversal_Insufficient\TreeTraversal_Insufficient.csproj", "{E3E3D717-AF80-49C2-A4A5-376B317E372B}"
EndProject
Project("{9A19103F-16F7-4668-BE54-9A1E7A4F7556}") = "35", "35\35.csproj", "{567C40B1-BF3C-4338-983A-61E2D09F967C}"
EndProject
Project("{9A19103F-16F7-4668-BE54-9A1E7A4F7556}") = "36", "36\36.csproj", "{96B2E2F7-4D0C-49A4-A763-DF6D0806EBC3}"
EndProject
Project("{9A19103F-16F7-4668-BE54-9A1E7A4F7556}") = "37", "37\37.csproj", "{62CCE883-2B3A-4641-B210-CC6C9FFB452A}"
EndProject
Project("{9A19103F-16F7-4668-BE54-9A1E7A4F7556}") = "38", "38\38.csproj", "{80108096-CCAF-4243-B37B-0473C43637B0}"
EndProject
Project("{9A19103F-16F7-4668-BE54-9A1E7A4F7556}") = "BTree_NextRight", "BTree_NextRight\BTree_NextRight.csproj", "{E28A8517-53EB-407E-87AC-DF3DB25B33DF}"
EndProject
Project("{9A19103F-16F7-4668-BE54-9A1E7A4F7556}") = "39", "39\39.csproj", "{F1E33FE0-5D28-4F12-8FAF-06DFE83AE251}"
EndProject
Project("{9A19103F-16F7-4668-BE54-9A1E7A4F7556}") = "40", "40\40.csproj", "{EDA29717-8D00-4B14-8DF4-160318CC1AF9}"
EndProject
Project("{9A19103F-16F7-4668-BE54-9A1E7A4F7556}") = "41", "41\41.csproj", "{66BBBFB4-B249-4090-9B85-29F169C629D0}"
EndProject
Project("{9A19103F-16F7-4668-BE54-9A1E7A4F7556}") = "42", "42\42.csproj", "{1C818F79-32C0-41A2-9BA9-E30C221EB523}"
EndProject
Project("{9A19103F-16F7-4668-BE54-9A1E7A4F7556}") = "43", "43\43.csproj", "{83ACDF64-B95E-4653-A388-0E222DD50C1E}"
EndProject
Project("{9A19103F-16F7-4668-BE54-9A1E7A4F7556}") = "44", "44\44.csproj", "{2038E118-11CC-4518-9544-3A4146A16831}"
EndProject
Project("{9A19103F-16F7-4668-BE54-9A1E7A4F7556}") = "45", "45\45.csproj", "{87EFEB70-92B2-4779-999C-8684A993C112}"
EndProject
Project("{9A19103F-16F7-4668-BE54-9A1E7A4F7556}") = "46", "46\46.csproj", "{1FC9084E-2887-4DA5-9ABC-0EC625C61F25}"
EndProject
Project("{9A19103F-16F7-4668-BE54-9A1E7A4F7556}") = "47", "47\47.csproj", "{920DE34C-7797-4C31-8F9B-8E230B014C6A}"
EndProject
Project("{9A19103F-16F7-4668-BE54-9A1E7A4F7556}") = "48", "48\48.csproj", "{46CEB0A5-B9C2-4FA0-8E18-31257546D74E}"
EndProject
Project("{FAE04EC0-301F-11D3-BF4B-00C04F79EFBC}") = "NodeRemoveRange", "NodeRemoveRange\NodeRemoveRange.csproj", "{90B8B112-8958-417E-A511-98A2C6FEE874}"
EndProject
Global
	GlobalSection(SolutionConfigurationPlatforms) = preSolution
		Debug|Any CPU = Debug|Any CPU
		Release|Any CPU = Release|Any CPU
	EndGlobalSection
	GlobalSection(ProjectConfigurationPlatforms) = postSolution
		{D4E491BA-F933-4B5F-A5C8-B2CA55DB95B9}.Debug|Any CPU.ActiveCfg = Debug|Any CPU
		{D4E491BA-F933-4B5F-A5C8-B2CA55DB95B9}.Debug|Any CPU.Build.0 = Debug|Any CPU
		{D4E491BA-F933-4B5F-A5C8-B2CA55DB95B9}.Release|Any CPU.ActiveCfg = Release|Any CPU
		{D4E491BA-F933-4B5F-A5C8-B2CA55DB95B9}.Release|Any CPU.Build.0 = Release|Any CPU
		{7ED0A233-5B4A-4F00-902E-5909DA9B255F}.Debug|Any CPU.ActiveCfg = Debug|Any CPU
		{7ED0A233-5B4A-4F00-902E-5909DA9B255F}.Debug|Any CPU.Build.0 = Debug|Any CPU
		{7ED0A233-5B4A-4F00-902E-5909DA9B255F}.Release|Any CPU.ActiveCfg = Release|Any CPU
		{7ED0A233-5B4A-4F00-902E-5909DA9B255F}.Release|Any CPU.Build.0 = Release|Any CPU
		{4EAF5535-5B14-4A2A-94B6-D47E84E5E4B9}.Debug|Any CPU.ActiveCfg = Debug|Any CPU
		{4EAF5535-5B14-4A2A-94B6-D47E84E5E4B9}.Debug|Any CPU.Build.0 = Debug|Any CPU
		{4EAF5535-5B14-4A2A-94B6-D47E84E5E4B9}.Release|Any CPU.ActiveCfg = Release|Any CPU
		{4EAF5535-5B14-4A2A-94B6-D47E84E5E4B9}.Release|Any CPU.Build.0 = Release|Any CPU
		{7462B9AE-F2C9-4F31-B271-0E83A540C4AA}.Debug|Any CPU.ActiveCfg = Debug|Any CPU
		{7462B9AE-F2C9-4F31-B271-0E83A540C4AA}.Debug|Any CPU.Build.0 = Debug|Any CPU
		{7462B9AE-F2C9-4F31-B271-0E83A540C4AA}.Release|Any CPU.ActiveCfg = Release|Any CPU
		{7462B9AE-F2C9-4F31-B271-0E83A540C4AA}.Release|Any CPU.Build.0 = Release|Any CPU
		{601F6156-72C4-4020-85AA-760EF3B3ECC2}.Debug|Any CPU.ActiveCfg = Debug|Any CPU
		{601F6156-72C4-4020-85AA-760EF3B3ECC2}.Debug|Any CPU.Build.0 = Debug|Any CPU
		{601F6156-72C4-4020-85AA-760EF3B3ECC2}.Release|Any CPU.ActiveCfg = Release|Any CPU
		{601F6156-72C4-4020-85AA-760EF3B3ECC2}.Release|Any CPU.Build.0 = Release|Any CPU
		{7F65337B-D76B-4298-81FE-DBB3E5C58151}.Debug|Any CPU.ActiveCfg = Debug|Any CPU
		{7F65337B-D76B-4298-81FE-DBB3E5C58151}.Debug|Any CPU.Build.0 = Debug|Any CPU
		{7F65337B-D76B-4298-81FE-DBB3E5C58151}.Release|Any CPU.ActiveCfg = Release|Any CPU
		{7F65337B-D76B-4298-81FE-DBB3E5C58151}.Release|Any CPU.Build.0 = Release|Any CPU
		{8D437709-E2D9-4269-A553-FB5CAAC73CC5}.Debug|Any CPU.ActiveCfg = Debug|Any CPU
		{8D437709-E2D9-4269-A553-FB5CAAC73CC5}.Debug|Any CPU.Build.0 = Debug|Any CPU
		{8D437709-E2D9-4269-A553-FB5CAAC73CC5}.Release|Any CPU.ActiveCfg = Release|Any CPU
		{8D437709-E2D9-4269-A553-FB5CAAC73CC5}.Release|Any CPU.Build.0 = Release|Any CPU
		{3CE2E270-FDEB-4006-905D-CD72C540D550}.Debug|Any CPU.ActiveCfg = Debug|Any CPU
		{3CE2E270-FDEB-4006-905D-CD72C540D550}.Debug|Any CPU.Build.0 = Debug|Any CPU
		{3CE2E270-FDEB-4006-905D-CD72C540D550}.Release|Any CPU.ActiveCfg = Release|Any CPU
		{3CE2E270-FDEB-4006-905D-CD72C540D550}.Release|Any CPU.Build.0 = Release|Any CPU
		{966D469B-DB4D-4390-87C2-BB504A9A401E}.Debug|Any CPU.ActiveCfg = Debug|Any CPU
		{966D469B-DB4D-4390-87C2-BB504A9A401E}.Debug|Any CPU.Build.0 = Debug|Any CPU
		{966D469B-DB4D-4390-87C2-BB504A9A401E}.Release|Any CPU.ActiveCfg = Release|Any CPU
		{966D469B-DB4D-4390-87C2-BB504A9A401E}.Release|Any CPU.Build.0 = Release|Any CPU
		{9BFBCAB9-C42C-43F1-BD6C-038A63CB0581}.Debug|Any CPU.ActiveCfg = Debug|Any CPU
		{9BFBCAB9-C42C-43F1-BD6C-038A63CB0581}.Debug|Any CPU.Build.0 = Debug|Any CPU
		{9BFBCAB9-C42C-43F1-BD6C-038A63CB0581}.Release|Any CPU.ActiveCfg = Release|Any CPU
		{9BFBCAB9-C42C-43F1-BD6C-038A63CB0581}.Release|Any CPU.Build.0 = Release|Any CPU
		{64F3EC39-1093-40AD-A576-3813B905EA2D}.Debug|Any CPU.ActiveCfg = Debug|Any CPU
		{64F3EC39-1093-40AD-A576-3813B905EA2D}.Debug|Any CPU.Build.0 = Debug|Any CPU
		{64F3EC39-1093-40AD-A576-3813B905EA2D}.Release|Any CPU.ActiveCfg = Release|Any CPU
		{64F3EC39-1093-40AD-A576-3813B905EA2D}.Release|Any CPU.Build.0 = Release|Any CPU
		{7CA88FA5-AFB6-4C73-BA38-D738ACBDE4E3}.Debug|Any CPU.ActiveCfg = Debug|Any CPU
		{7CA88FA5-AFB6-4C73-BA38-D738ACBDE4E3}.Debug|Any CPU.Build.0 = Debug|Any CPU
		{7CA88FA5-AFB6-4C73-BA38-D738ACBDE4E3}.Release|Any CPU.ActiveCfg = Release|Any CPU
		{7CA88FA5-AFB6-4C73-BA38-D738ACBDE4E3}.Release|Any CPU.Build.0 = Release|Any CPU
		{BB67D873-8645-4BFC-B0D4-3DA2854EDF1D}.Debug|Any CPU.ActiveCfg = Debug|Any CPU
		{BB67D873-8645-4BFC-B0D4-3DA2854EDF1D}.Debug|Any CPU.Build.0 = Debug|Any CPU
		{BB67D873-8645-4BFC-B0D4-3DA2854EDF1D}.Release|Any CPU.ActiveCfg = Release|Any CPU
		{BB67D873-8645-4BFC-B0D4-3DA2854EDF1D}.Release|Any CPU.Build.0 = Release|Any CPU
		{65820FDC-2FBB-4A40-85C9-A5CC0EE0FB4E}.Debug|Any CPU.ActiveCfg = Debug|Any CPU
		{65820FDC-2FBB-4A40-85C9-A5CC0EE0FB4E}.Debug|Any CPU.Build.0 = Debug|Any CPU
		{65820FDC-2FBB-4A40-85C9-A5CC0EE0FB4E}.Release|Any CPU.ActiveCfg = Release|Any CPU
		{65820FDC-2FBB-4A40-85C9-A5CC0EE0FB4E}.Release|Any CPU.Build.0 = Release|Any CPU
		{22E4E21C-769C-4198-8ED0-87EE49881A1A}.Debug|Any CPU.ActiveCfg = Debug|Any CPU
		{22E4E21C-769C-4198-8ED0-87EE49881A1A}.Debug|Any CPU.Build.0 = Debug|Any CPU
		{22E4E21C-769C-4198-8ED0-87EE49881A1A}.Release|Any CPU.ActiveCfg = Release|Any CPU
		{22E4E21C-769C-4198-8ED0-87EE49881A1A}.Release|Any CPU.Build.0 = Release|Any CPU
		{A47BE622-4815-4C4C-8BFC-F872B2FE2E7D}.Debug|Any CPU.ActiveCfg = Debug|Any CPU
		{A47BE622-4815-4C4C-8BFC-F872B2FE2E7D}.Debug|Any CPU.Build.0 = Debug|Any CPU
		{A47BE622-4815-4C4C-8BFC-F872B2FE2E7D}.Release|Any CPU.ActiveCfg = Release|Any CPU
		{A47BE622-4815-4C4C-8BFC-F872B2FE2E7D}.Release|Any CPU.Build.0 = Release|Any CPU
		{6E437DA3-4E20-4188-A656-D6FBB1D8C7E0}.Debug|Any CPU.ActiveCfg = Debug|Any CPU
		{6E437DA3-4E20-4188-A656-D6FBB1D8C7E0}.Debug|Any CPU.Build.0 = Debug|Any CPU
		{6E437DA3-4E20-4188-A656-D6FBB1D8C7E0}.Release|Any CPU.ActiveCfg = Release|Any CPU
		{6E437DA3-4E20-4188-A656-D6FBB1D8C7E0}.Release|Any CPU.Build.0 = Release|Any CPU
		{DE75CA7E-6F22-4989-8245-8371CF685306}.Debug|Any CPU.ActiveCfg = Debug|Any CPU
		{DE75CA7E-6F22-4989-8245-8371CF685306}.Debug|Any CPU.Build.0 = Debug|Any CPU
		{DE75CA7E-6F22-4989-8245-8371CF685306}.Release|Any CPU.ActiveCfg = Release|Any CPU
		{DE75CA7E-6F22-4989-8245-8371CF685306}.Release|Any CPU.Build.0 = Release|Any CPU
		{C301E614-5E0C-4DE2-B4D0-DFAF84C9DAE2}.Debug|Any CPU.ActiveCfg = Debug|Any CPU
		{C301E614-5E0C-4DE2-B4D0-DFAF84C9DAE2}.Debug|Any CPU.Build.0 = Debug|Any CPU
		{C301E614-5E0C-4DE2-B4D0-DFAF84C9DAE2}.Release|Any CPU.ActiveCfg = Release|Any CPU
		{C301E614-5E0C-4DE2-B4D0-DFAF84C9DAE2}.Release|Any CPU.Build.0 = Release|Any CPU
		{5026325C-2E91-4D55-B56D-0897B9371135}.Debug|Any CPU.ActiveCfg = Debug|Any CPU
		{5026325C-2E91-4D55-B56D-0897B9371135}.Debug|Any CPU.Build.0 = Debug|Any CPU
		{5026325C-2E91-4D55-B56D-0897B9371135}.Release|Any CPU.ActiveCfg = Release|Any CPU
		{5026325C-2E91-4D55-B56D-0897B9371135}.Release|Any CPU.Build.0 = Release|Any CPU
		{59CC18C5-5668-4E69-BD4F-41EDF83DB8EC}.Debug|Any CPU.ActiveCfg = Debug|Any CPU
		{59CC18C5-5668-4E69-BD4F-41EDF83DB8EC}.Debug|Any CPU.Build.0 = Debug|Any CPU
		{59CC18C5-5668-4E69-BD4F-41EDF83DB8EC}.Release|Any CPU.ActiveCfg = Release|Any CPU
		{59CC18C5-5668-4E69-BD4F-41EDF83DB8EC}.Release|Any CPU.Build.0 = Release|Any CPU
		{51749651-F8B0-4C4E-925A-BB7CAF282B51}.Debug|Any CPU.ActiveCfg = Debug|Any CPU
		{51749651-F8B0-4C4E-925A-BB7CAF282B51}.Debug|Any CPU.Build.0 = Debug|Any CPU
		{51749651-F8B0-4C4E-925A-BB7CAF282B51}.Release|Any CPU.ActiveCfg = Release|Any CPU
		{51749651-F8B0-4C4E-925A-BB7CAF282B51}.Release|Any CPU.Build.0 = Release|Any CPU
		{1CF5741F-B7F9-4A1C-BDF1-19C7D103A66A}.Debug|Any CPU.ActiveCfg = Debug|Any CPU
		{1CF5741F-B7F9-4A1C-BDF1-19C7D103A66A}.Debug|Any CPU.Build.0 = Debug|Any CPU
		{1CF5741F-B7F9-4A1C-BDF1-19C7D103A66A}.Release|Any CPU.ActiveCfg = Release|Any CPU
		{1CF5741F-B7F9-4A1C-BDF1-19C7D103A66A}.Release|Any CPU.Build.0 = Release|Any CPU
		{7D813432-6F95-4390-96C3-F511ACB85DE3}.Debug|Any CPU.ActiveCfg = Debug|Any CPU
		{7D813432-6F95-4390-96C3-F511ACB85DE3}.Debug|Any CPU.Build.0 = Debug|Any CPU
		{7D813432-6F95-4390-96C3-F511ACB85DE3}.Release|Any CPU.ActiveCfg = Release|Any CPU
		{7D813432-6F95-4390-96C3-F511ACB85DE3}.Release|Any CPU.Build.0 = Release|Any CPU
		{7EE3C86E-B083-425D-937B-1DE8BBFE574A}.Debug|Any CPU.ActiveCfg = Debug|Any CPU
		{7EE3C86E-B083-425D-937B-1DE8BBFE574A}.Debug|Any CPU.Build.0 = Debug|Any CPU
		{7EE3C86E-B083-425D-937B-1DE8BBFE574A}.Release|Any CPU.ActiveCfg = Release|Any CPU
		{7EE3C86E-B083-425D-937B-1DE8BBFE574A}.Release|Any CPU.Build.0 = Release|Any CPU
		{24BF118B-FA5A-4BB7-B45A-E92D8546C586}.Debug|Any CPU.ActiveCfg = Debug|Any CPU
		{24BF118B-FA5A-4BB7-B45A-E92D8546C586}.Debug|Any CPU.Build.0 = Debug|Any CPU
		{24BF118B-FA5A-4BB7-B45A-E92D8546C586}.Release|Any CPU.ActiveCfg = Release|Any CPU
		{24BF118B-FA5A-4BB7-B45A-E92D8546C586}.Release|Any CPU.Build.0 = Release|Any CPU
		{9B6D9398-AE97-49A4-8885-30805661EEB5}.Debug|Any CPU.ActiveCfg = Debug|Any CPU
		{9B6D9398-AE97-49A4-8885-30805661EEB5}.Debug|Any CPU.Build.0 = Debug|Any CPU
		{9B6D9398-AE97-49A4-8885-30805661EEB5}.Release|Any CPU.ActiveCfg = Release|Any CPU
		{9B6D9398-AE97-49A4-8885-30805661EEB5}.Release|Any CPU.Build.0 = Release|Any CPU
		{69E2FEF2-D56B-4AEF-85BA-D030262435CA}.Debug|Any CPU.ActiveCfg = Debug|Any CPU
		{69E2FEF2-D56B-4AEF-85BA-D030262435CA}.Debug|Any CPU.Build.0 = Debug|Any CPU
		{69E2FEF2-D56B-4AEF-85BA-D030262435CA}.Release|Any CPU.ActiveCfg = Release|Any CPU
		{69E2FEF2-D56B-4AEF-85BA-D030262435CA}.Release|Any CPU.Build.0 = Release|Any CPU
		{A49B8A06-4083-477B-90C4-3646477216C9}.Debug|Any CPU.ActiveCfg = Debug|Any CPU
		{A49B8A06-4083-477B-90C4-3646477216C9}.Debug|Any CPU.Build.0 = Debug|Any CPU
		{A49B8A06-4083-477B-90C4-3646477216C9}.Release|Any CPU.ActiveCfg = Release|Any CPU
		{A49B8A06-4083-477B-90C4-3646477216C9}.Release|Any CPU.Build.0 = Release|Any CPU
		{0257B189-1F26-40E8-BB2B-2A7C60D93565}.Debug|Any CPU.ActiveCfg = Debug|Any CPU
		{0257B189-1F26-40E8-BB2B-2A7C60D93565}.Debug|Any CPU.Build.0 = Debug|Any CPU
		{0257B189-1F26-40E8-BB2B-2A7C60D93565}.Release|Any CPU.ActiveCfg = Release|Any CPU
		{0257B189-1F26-40E8-BB2B-2A7C60D93565}.Release|Any CPU.Build.0 = Release|Any CPU
		{F3416411-1DB2-4206-93B3-5BAB339D6E96}.Debug|Any CPU.ActiveCfg = Debug|Any CPU
		{F3416411-1DB2-4206-93B3-5BAB339D6E96}.Debug|Any CPU.Build.0 = Debug|Any CPU
		{F3416411-1DB2-4206-93B3-5BAB339D6E96}.Release|Any CPU.ActiveCfg = Release|Any CPU
		{F3416411-1DB2-4206-93B3-5BAB339D6E96}.Release|Any CPU.Build.0 = Release|Any CPU
		{9DB92B18-7A07-4902-856C-9D4F0708BF0F}.Debug|Any CPU.ActiveCfg = Debug|Any CPU
		{9DB92B18-7A07-4902-856C-9D4F0708BF0F}.Debug|Any CPU.Build.0 = Debug|Any CPU
		{9DB92B18-7A07-4902-856C-9D4F0708BF0F}.Release|Any CPU.ActiveCfg = Release|Any CPU
		{9DB92B18-7A07-4902-856C-9D4F0708BF0F}.Release|Any CPU.Build.0 = Release|Any CPU
		{5CB28DFB-325B-41B5-901A-5FC22855AC57}.Debug|Any CPU.ActiveCfg = Debug|Any CPU
		{5CB28DFB-325B-41B5-901A-5FC22855AC57}.Debug|Any CPU.Build.0 = Debug|Any CPU
		{5CB28DFB-325B-41B5-901A-5FC22855AC57}.Release|Any CPU.ActiveCfg = Release|Any CPU
		{5CB28DFB-325B-41B5-901A-5FC22855AC57}.Release|Any CPU.Build.0 = Release|Any CPU
		{41668FE8-91DF-4905-B64B-3EBDC3039FCB}.Debug|Any CPU.ActiveCfg = Debug|Any CPU
		{41668FE8-91DF-4905-B64B-3EBDC3039FCB}.Debug|Any CPU.Build.0 = Debug|Any CPU
		{41668FE8-91DF-4905-B64B-3EBDC3039FCB}.Release|Any CPU.ActiveCfg = Release|Any CPU
		{41668FE8-91DF-4905-B64B-3EBDC3039FCB}.Release|Any CPU.Build.0 = Release|Any CPU
		{1CB6AEA3-DAEC-4E9B-86D8-17591D9353F8}.Debug|Any CPU.ActiveCfg = Debug|Any CPU
		{1CB6AEA3-DAEC-4E9B-86D8-17591D9353F8}.Debug|Any CPU.Build.0 = Debug|Any CPU
		{1CB6AEA3-DAEC-4E9B-86D8-17591D9353F8}.Release|Any CPU.ActiveCfg = Release|Any CPU
		{1CB6AEA3-DAEC-4E9B-86D8-17591D9353F8}.Release|Any CPU.Build.0 = Release|Any CPU
		{E3E3D717-AF80-49C2-A4A5-376B317E372B}.Debug|Any CPU.ActiveCfg = Debug|Any CPU
		{E3E3D717-AF80-49C2-A4A5-376B317E372B}.Debug|Any CPU.Build.0 = Debug|Any CPU
		{E3E3D717-AF80-49C2-A4A5-376B317E372B}.Release|Any CPU.ActiveCfg = Release|Any CPU
		{E3E3D717-AF80-49C2-A4A5-376B317E372B}.Release|Any CPU.Build.0 = Release|Any CPU
		{567C40B1-BF3C-4338-983A-61E2D09F967C}.Debug|Any CPU.ActiveCfg = Debug|Any CPU
		{567C40B1-BF3C-4338-983A-61E2D09F967C}.Debug|Any CPU.Build.0 = Debug|Any CPU
		{567C40B1-BF3C-4338-983A-61E2D09F967C}.Release|Any CPU.ActiveCfg = Release|Any CPU
		{567C40B1-BF3C-4338-983A-61E2D09F967C}.Release|Any CPU.Build.0 = Release|Any CPU
		{96B2E2F7-4D0C-49A4-A763-DF6D0806EBC3}.Debug|Any CPU.ActiveCfg = Debug|Any CPU
		{96B2E2F7-4D0C-49A4-A763-DF6D0806EBC3}.Debug|Any CPU.Build.0 = Debug|Any CPU
		{96B2E2F7-4D0C-49A4-A763-DF6D0806EBC3}.Release|Any CPU.ActiveCfg = Release|Any CPU
		{96B2E2F7-4D0C-49A4-A763-DF6D0806EBC3}.Release|Any CPU.Build.0 = Release|Any CPU
		{62CCE883-2B3A-4641-B210-CC6C9FFB452A}.Debug|Any CPU.ActiveCfg = Debug|Any CPU
		{62CCE883-2B3A-4641-B210-CC6C9FFB452A}.Debug|Any CPU.Build.0 = Debug|Any CPU
		{62CCE883-2B3A-4641-B210-CC6C9FFB452A}.Release|Any CPU.ActiveCfg = Release|Any CPU
		{62CCE883-2B3A-4641-B210-CC6C9FFB452A}.Release|Any CPU.Build.0 = Release|Any CPU
		{80108096-CCAF-4243-B37B-0473C43637B0}.Debug|Any CPU.ActiveCfg = Debug|Any CPU
		{80108096-CCAF-4243-B37B-0473C43637B0}.Debug|Any CPU.Build.0 = Debug|Any CPU
		{80108096-CCAF-4243-B37B-0473C43637B0}.Release|Any CPU.ActiveCfg = Release|Any CPU
		{80108096-CCAF-4243-B37B-0473C43637B0}.Release|Any CPU.Build.0 = Release|Any CPU
		{E28A8517-53EB-407E-87AC-DF3DB25B33DF}.Debug|Any CPU.ActiveCfg = Debug|Any CPU
		{E28A8517-53EB-407E-87AC-DF3DB25B33DF}.Debug|Any CPU.Build.0 = Debug|Any CPU
		{E28A8517-53EB-407E-87AC-DF3DB25B33DF}.Release|Any CPU.ActiveCfg = Release|Any CPU
		{E28A8517-53EB-407E-87AC-DF3DB25B33DF}.Release|Any CPU.Build.0 = Release|Any CPU
		{F1E33FE0-5D28-4F12-8FAF-06DFE83AE251}.Debug|Any CPU.ActiveCfg = Debug|Any CPU
		{F1E33FE0-5D28-4F12-8FAF-06DFE83AE251}.Debug|Any CPU.Build.0 = Debug|Any CPU
		{F1E33FE0-5D28-4F12-8FAF-06DFE83AE251}.Release|Any CPU.ActiveCfg = Release|Any CPU
		{F1E33FE0-5D28-4F12-8FAF-06DFE83AE251}.Release|Any CPU.Build.0 = Release|Any CPU
		{EDA29717-8D00-4B14-8DF4-160318CC1AF9}.Debug|Any CPU.ActiveCfg = Debug|Any CPU
		{EDA29717-8D00-4B14-8DF4-160318CC1AF9}.Debug|Any CPU.Build.0 = Debug|Any CPU
		{EDA29717-8D00-4B14-8DF4-160318CC1AF9}.Release|Any CPU.ActiveCfg = Release|Any CPU
		{EDA29717-8D00-4B14-8DF4-160318CC1AF9}.Release|Any CPU.Build.0 = Release|Any CPU
		{66BBBFB4-B249-4090-9B85-29F169C629D0}.Debug|Any CPU.ActiveCfg = Debug|Any CPU
		{66BBBFB4-B249-4090-9B85-29F169C629D0}.Debug|Any CPU.Build.0 = Debug|Any CPU
		{66BBBFB4-B249-4090-9B85-29F169C629D0}.Release|Any CPU.ActiveCfg = Release|Any CPU
		{66BBBFB4-B249-4090-9B85-29F169C629D0}.Release|Any CPU.Build.0 = Release|Any CPU
		{1C818F79-32C0-41A2-9BA9-E30C221EB523}.Debug|Any CPU.ActiveCfg = Debug|Any CPU
		{1C818F79-32C0-41A2-9BA9-E30C221EB523}.Debug|Any CPU.Build.0 = Debug|Any CPU
		{1C818F79-32C0-41A2-9BA9-E30C221EB523}.Release|Any CPU.ActiveCfg = Release|Any CPU
		{1C818F79-32C0-41A2-9BA9-E30C221EB523}.Release|Any CPU.Build.0 = Release|Any CPU
		{83ACDF64-B95E-4653-A388-0E222DD50C1E}.Debug|Any CPU.ActiveCfg = Debug|Any CPU
		{83ACDF64-B95E-4653-A388-0E222DD50C1E}.Debug|Any CPU.Build.0 = Debug|Any CPU
		{83ACDF64-B95E-4653-A388-0E222DD50C1E}.Release|Any CPU.ActiveCfg = Release|Any CPU
		{83ACDF64-B95E-4653-A388-0E222DD50C1E}.Release|Any CPU.Build.0 = Release|Any CPU
		{2038E118-11CC-4518-9544-3A4146A16831}.Debug|Any CPU.ActiveCfg = Debug|Any CPU
		{2038E118-11CC-4518-9544-3A4146A16831}.Debug|Any CPU.Build.0 = Debug|Any CPU
		{2038E118-11CC-4518-9544-3A4146A16831}.Release|Any CPU.ActiveCfg = Release|Any CPU
		{2038E118-11CC-4518-9544-3A4146A16831}.Release|Any CPU.Build.0 = Release|Any CPU
		{87EFEB70-92B2-4779-999C-8684A993C112}.Debug|Any CPU.ActiveCfg = Debug|Any CPU
		{87EFEB70-92B2-4779-999C-8684A993C112}.Debug|Any CPU.Build.0 = Debug|Any CPU
		{87EFEB70-92B2-4779-999C-8684A993C112}.Release|Any CPU.ActiveCfg = Release|Any CPU
		{87EFEB70-92B2-4779-999C-8684A993C112}.Release|Any CPU.Build.0 = Release|Any CPU
		{1FC9084E-2887-4DA5-9ABC-0EC625C61F25}.Debug|Any CPU.ActiveCfg = Debug|Any CPU
		{1FC9084E-2887-4DA5-9ABC-0EC625C61F25}.Debug|Any CPU.Build.0 = Debug|Any CPU
		{1FC9084E-2887-4DA5-9ABC-0EC625C61F25}.Release|Any CPU.ActiveCfg = Release|Any CPU
		{1FC9084E-2887-4DA5-9ABC-0EC625C61F25}.Release|Any CPU.Build.0 = Release|Any CPU
		{920DE34C-7797-4C31-8F9B-8E230B014C6A}.Debug|Any CPU.ActiveCfg = Debug|Any CPU
		{920DE34C-7797-4C31-8F9B-8E230B014C6A}.Debug|Any CPU.Build.0 = Debug|Any CPU
		{920DE34C-7797-4C31-8F9B-8E230B014C6A}.Release|Any CPU.ActiveCfg = Release|Any CPU
		{920DE34C-7797-4C31-8F9B-8E230B014C6A}.Release|Any CPU.Build.0 = Release|Any CPU
		{46CEB0A5-B9C2-4FA0-8E18-31257546D74E}.Debug|Any CPU.ActiveCfg = Debug|Any CPU
		{46CEB0A5-B9C2-4FA0-8E18-31257546D74E}.Debug|Any CPU.Build.0 = Debug|Any CPU
		{46CEB0A5-B9C2-4FA0-8E18-31257546D74E}.Release|Any CPU.ActiveCfg = Release|Any CPU
		{46CEB0A5-B9C2-4FA0-8E18-31257546D74E}.Release|Any CPU.Build.0 = Release|Any CPU
		{90B8B112-8958-417E-A511-98A2C6FEE874}.Debug|Any CPU.ActiveCfg = Debug|Any CPU
		{90B8B112-8958-417E-A511-98A2C6FEE874}.Debug|Any CPU.Build.0 = Debug|Any CPU
		{90B8B112-8958-417E-A511-98A2C6FEE874}.Release|Any CPU.ActiveCfg = Release|Any CPU
		{90B8B112-8958-417E-A511-98A2C6FEE874}.Release|Any CPU.Build.0 = Release|Any CPU
	EndGlobalSection
	GlobalSection(SolutionProperties) = preSolution
		HideSolutionNode = FALSE
	EndGlobalSection
	GlobalSection(ExtensibilityGlobals) = postSolution
		SolutionGuid = {B3F801B9-5140-4033-BA56-2A8EA03DA0B6}
	EndGlobalSection
EndGlobal
