
Microsoft Visual Studio Solution File, Format Version 12.00
# Visual Studio 15
VisualStudioVersion = 15.0.27703.2042
MinimumVisualStudioVersion = 10.0.40219.1
Project("{FAE04EC0-301F-11D3-BF4B-00C04F79EFBC}") = "Tenant_Local_Time", "Tenant_Local_Time\Tenant_Local_Time.csproj", "{8816D8FF-67DF-488B-9171-90A00E4C0000}"
EndProject
Global
	GlobalSection(SolutionConfigurationPlatforms) = preSolution
		Debug|Any CPU = Debug|Any CPU
		Release|Any CPU = Release|Any CPU
	EndGlobalSection
	GlobalSection(ProjectConfigurationPlatforms) = postSolution
		{8816D8FF-67DF-488B-9171-90A00E4C0000}.Debug|Any CPU.ActiveCfg = Debug|Any CPU
		{8816D8FF-67DF-488B-9171-90A00E4C0000}.Debug|Any CPU.Build.0 = Debug|Any CPU
		{8816D8FF-67DF-488B-9171-90A00E4C0000}.Release|Any CPU.ActiveCfg = Release|Any CPU
		{8816D8FF-67DF-488B-9171-90A00E4C0000}.Release|Any CPU.Build.0 = Release|Any CPU
	EndGlobalSection
	GlobalSection(SolutionProperties) = preSolution
		HideSolutionNode = FALSE
	EndGlobalSection
	GlobalSection(ExtensibilityGlobals) = postSolution
		SolutionGuid = {AC12C9DB-B4D6-4A61-BD85-FE107C7863B3}
	EndGlobalSection
EndGlobal
