
Microsoft Visual Studio Solution File, Format Version 12.00
# Visual Studio 15
VisualStudioVersion = 15.0.28307.572
MinimumVisualStudioVersion = 10.0.40219.1
Project("{FAE04EC0-301F-11D3-BF4B-00C04F79EFBC}") = "EnumFlags_Test", "EnumFlags_Test\EnumFlags_Test.csproj", "{AC026E3B-74E7-4D83-80E6-A596154619D3}"
EndProject
Global
	GlobalSection(SolutionConfigurationPlatforms) = preSolution
		Debug|Any CPU = Debug|Any CPU
		Release|Any CPU = Release|Any CPU
	EndGlobalSection
	GlobalSection(ProjectConfigurationPlatforms) = postSolution
		{AC026E3B-74E7-4D83-80E6-A596154619D3}.Debug|Any CPU.ActiveCfg = Debug|Any CPU
		{AC026E3B-74E7-4D83-80E6-A596154619D3}.Debug|Any CPU.Build.0 = Debug|Any CPU
		{AC026E3B-74E7-4D83-80E6-A596154619D3}.Release|Any CPU.ActiveCfg = Release|Any CPU
		{AC026E3B-74E7-4D83-80E6-A596154619D3}.Release|Any CPU.Build.0 = Release|Any CPU
	EndGlobalSection
	GlobalSection(SolutionProperties) = preSolution
		HideSolutionNode = FALSE
	EndGlobalSection
	GlobalSection(ExtensibilityGlobals) = postSolution
		SolutionGuid = {7E2A4B80-9D7F-4068-A263-6C6933142519}
	EndGlobalSection
EndGlobal
