
Microsoft Visual Studio Solution File, Format Version 12.00
# Visual Studio 15
VisualStudioVersion = 15.0.28010.2036
MinimumVisualStudioVersion = 10.0.40219.1
Project("{FAE04EC0-301F-11D3-BF4B-00C04F79EFBC}") = "SampleTest", "SampleTest\SampleTest.csproj", "{4513FEF4-0DE3-4C90-935B-334B9A256C33}"
EndProject
Project("{FAE04EC0-301F-11D3-BF4B-00C04F79EFBC}") = "SimpleArraySum", "SimpleArraySum\SimpleArraySum.csproj", "{40EA4D60-70FA-458F-B462-95608355B3A4}"
EndProject
Global
	GlobalSection(SolutionConfigurationPlatforms) = preSolution
		Debug|Any CPU = Debug|Any CPU
		Release|Any CPU = Release|Any CPU
	EndGlobalSection
	GlobalSection(ProjectConfigurationPlatforms) = postSolution
		{4513FEF4-0DE3-4C90-935B-334B9A256C33}.Debug|Any CPU.ActiveCfg = Debug|Any CPU
		{4513FEF4-0DE3-4C90-935B-334B9A256C33}.Debug|Any CPU.Build.0 = Debug|Any CPU
		{4513FEF4-0DE3-4C90-935B-334B9A256C33}.Release|Any CPU.ActiveCfg = Release|Any CPU
		{4513FEF4-0DE3-4C90-935B-334B9A256C33}.Release|Any CPU.Build.0 = Release|Any CPU
		{40EA4D60-70FA-458F-B462-95608355B3A4}.Debug|Any CPU.ActiveCfg = Debug|Any CPU
		{40EA4D60-70FA-458F-B462-95608355B3A4}.Debug|Any CPU.Build.0 = Debug|Any CPU
		{40EA4D60-70FA-458F-B462-95608355B3A4}.Release|Any CPU.ActiveCfg = Release|Any CPU
		{40EA4D60-70FA-458F-B462-95608355B3A4}.Release|Any CPU.Build.0 = Release|Any CPU
	EndGlobalSection
	GlobalSection(SolutionProperties) = preSolution
		HideSolutionNode = FALSE
	EndGlobalSection
	GlobalSection(ExtensibilityGlobals) = postSolution
		SolutionGuid = {89578BEE-7711-4EFC-97A5-672468E6126B}
	EndGlobalSection
EndGlobal
